
Microsoft Visual Studio Solution File, Format Version 12.00
# Visual Studio Version 17
VisualStudioVersion = 17.8.34330.188
MinimumVisualStudioVersion = 10.0.40219.1
Project("{FAE04EC0-301F-11D3-BF4B-00C04F79EFBC}") = "adIntegrationProject", "adIntegrationProject.csproj", "{B557FBF8-7F40-4D7C-B495-BEE98B3C2470}"
EndProject
Global
	GlobalSection(SolutionConfigurationPlatforms) = preSolution
		Debug|Any CPU = Debug|Any CPU
		Release|Any CPU = Release|Any CPU
	EndGlobalSection
	GlobalSection(ProjectConfigurationPlatforms) = postSolution
		{B557FBF8-7F40-4D7C-B495-BEE98B3C2470}.Debug|Any CPU.ActiveCfg = Debug|Any CPU
		{B557FBF8-7F40-4D7C-B495-BEE98B3C2470}.Debug|Any CPU.Build.0 = Debug|Any CPU
		{B557FBF8-7F40-4D7C-B495-BEE98B3C2470}.Release|Any CPU.ActiveCfg = Release|Any CPU
		{B557FBF8-7F40-4D7C-B495-BEE98B3C2470}.Release|Any CPU.Build.0 = Release|Any CPU
	EndGlobalSection
	GlobalSection(SolutionProperties) = preSolution
		HideSolutionNode = FALSE
	EndGlobalSection
	GlobalSection(ExtensibilityGlobals) = postSolution
		SolutionGuid = {BC1FDDF4-F5F6-4146-9827-E9D433BB64F1}
	EndGlobalSection
EndGlobal
